
Microsoft Visual Studio Solution File, Format Version 12.00
# Visual Studio Version 17
VisualStudioVersion = 17.12.35527.113 d17.12
MinimumVisualStudioVersion = 10.0.40219.1
Project("{FAE04EC0-301F-11D3-BF4B-00C04F79EFBC}") = "MyTaskManager", "MyTaskManager\MyTaskManager.csproj", "{ED28DF73-1E21-4D1C-8688-2CAF2828719B}"
EndProject
Global
	GlobalSection(SolutionConfigurationPlatforms) = preSolution
		Debug|Any CPU = Debug|Any CPU
		Release|Any CPU = Release|Any CPU
	EndGlobalSection
	GlobalSection(ProjectConfigurationPlatforms) = postSolution
		{ED28DF73-1E21-4D1C-8688-2CAF2828719B}.Debug|Any CPU.ActiveCfg = Debug|Any CPU
		{ED28DF73-1E21-4D1C-8688-2CAF2828719B}.Debug|Any CPU.Build.0 = Debug|Any CPU
		{ED28DF73-1E21-4D1C-8688-2CAF2828719B}.Release|Any CPU.ActiveCfg = Release|Any CPU
		{ED28DF73-1E21-4D1C-8688-2CAF2828719B}.Release|Any CPU.Build.0 = Release|Any CPU
	EndGlobalSection
	GlobalSection(SolutionProperties) = preSolution
		HideSolutionNode = FALSE
	EndGlobalSection
EndGlobal
